
Microsoft Visual Studio Solution File, Format Version 12.00
# Visual Studio Version 16
VisualStudioVersion = 16.0.29123.88
MinimumVisualStudioVersion = 10.0.40219.1
Project("{FAE04EC0-301F-11D3-BF4B-00C04F79EFBC}") = "Core", "Core\Core.csproj", "{15D02212-F900-449B-BFF8-B7C27CF294D8}"
EndProject
Project("{FAE04EC0-301F-11D3-BF4B-00C04F79EFBC}") = "SAPBusiness", "SAPBusiness\SAPBusiness.csproj", "{EF7621F0-AABF-4C52-890C-3055A16EE941}"
EndProject
Project("{FAE04EC0-301F-11D3-BF4B-00C04F79EFBC}") = "SAPBusiness.WEB", "SAPBusiness.WEB\SAPBusiness.WEB.csproj", "{554BA7A3-E1FE-4E19-9D2A-1CB131B1C2CF}"
EndProject
Project("{FAE04EC0-301F-11D3-BF4B-00C04F79EFBC}") = "SAPTests", "SAPTests\SAPTests.csproj", "{6CA2DDB6-57E7-46CD-AD1D-FD37676D3093}"
EndProject
Project("{FAE04EC0-301F-11D3-BF4B-00C04F79EFBC}") = "SAPBusiness.Services", "SAPBusiness.Services\SAPBusiness.Services.csproj", "{093E8851-A2A9-44B9-887D-6294682D9E67}"
EndProject
Global
	GlobalSection(SolutionConfigurationPlatforms) = preSolution
		Debug|Any CPU = Debug|Any CPU
		Release|Any CPU = Release|Any CPU
	EndGlobalSection
	GlobalSection(ProjectConfigurationPlatforms) = postSolution
		{15D02212-F900-449B-BFF8-B7C27CF294D8}.Debug|Any CPU.ActiveCfg = Debug|Any CPU
		{15D02212-F900-449B-BFF8-B7C27CF294D8}.Debug|Any CPU.Build.0 = Debug|Any CPU
		{15D02212-F900-449B-BFF8-B7C27CF294D8}.Release|Any CPU.ActiveCfg = Release|Any CPU
		{15D02212-F900-449B-BFF8-B7C27CF294D8}.Release|Any CPU.Build.0 = Release|Any CPU
		{EF7621F0-AABF-4C52-890C-3055A16EE941}.Debug|Any CPU.ActiveCfg = Debug|Any CPU
		{EF7621F0-AABF-4C52-890C-3055A16EE941}.Debug|Any CPU.Build.0 = Debug|Any CPU
		{EF7621F0-AABF-4C52-890C-3055A16EE941}.Release|Any CPU.ActiveCfg = Release|Any CPU
		{EF7621F0-AABF-4C52-890C-3055A16EE941}.Release|Any CPU.Build.0 = Release|Any CPU
		{554BA7A3-E1FE-4E19-9D2A-1CB131B1C2CF}.Debug|Any CPU.ActiveCfg = Debug|Any CPU
		{554BA7A3-E1FE-4E19-9D2A-1CB131B1C2CF}.Debug|Any CPU.Build.0 = Debug|Any CPU
		{554BA7A3-E1FE-4E19-9D2A-1CB131B1C2CF}.Release|Any CPU.ActiveCfg = Release|Any CPU
		{554BA7A3-E1FE-4E19-9D2A-1CB131B1C2CF}.Release|Any CPU.Build.0 = Release|Any CPU
		{6CA2DDB6-57E7-46CD-AD1D-FD37676D3093}.Debug|Any CPU.ActiveCfg = Debug|Any CPU
		{6CA2DDB6-57E7-46CD-AD1D-FD37676D3093}.Debug|Any CPU.Build.0 = Debug|Any CPU
		{6CA2DDB6-57E7-46CD-AD1D-FD37676D3093}.Release|Any CPU.ActiveCfg = Release|Any CPU
		{6CA2DDB6-57E7-46CD-AD1D-FD37676D3093}.Release|Any CPU.Build.0 = Release|Any CPU
		{093E8851-A2A9-44B9-887D-6294682D9E67}.Debug|Any CPU.ActiveCfg = Debug|Any CPU
		{093E8851-A2A9-44B9-887D-6294682D9E67}.Debug|Any CPU.Build.0 = Debug|Any CPU
		{093E8851-A2A9-44B9-887D-6294682D9E67}.Release|Any CPU.ActiveCfg = Release|Any CPU
		{093E8851-A2A9-44B9-887D-6294682D9E67}.Release|Any CPU.Build.0 = Release|Any CPU
	EndGlobalSection
	GlobalSection(SolutionProperties) = preSolution
		HideSolutionNode = FALSE
	EndGlobalSection
	GlobalSection(ExtensibilityGlobals) = postSolution
		SolutionGuid = {6680FEA0-EE70-4867-9A8C-90F5E0515AE1}
	EndGlobalSection
EndGlobal
